
Microsoft Visual Studio Solution File, Format Version 12.00
# Visual Studio Version 17
VisualStudioVersion = 17.8.34330.188
MinimumVisualStudioVersion = 10.0.40219.1
Project("{FAE04EC0-301F-11D3-BF4B-00C04F79EFBC}") = "Pharmacy_first setup", "Pharmacy_first setup.csproj", "{978BF8A6-34EA-4BA9-84A0-FCACFB5D7635}"
EndProject
Global
	GlobalSection(SolutionConfigurationPlatforms) = preSolution
		Debug|Any CPU = Debug|Any CPU
		Release|Any CPU = Release|Any CPU
	EndGlobalSection
	GlobalSection(ProjectConfigurationPlatforms) = postSolution
		{978BF8A6-34EA-4BA9-84A0-FCACFB5D7635}.Debug|Any CPU.ActiveCfg = Debug|Any CPU
		{978BF8A6-34EA-4BA9-84A0-FCACFB5D7635}.Debug|Any CPU.Build.0 = Debug|Any CPU
		{978BF8A6-34EA-4BA9-84A0-FCACFB5D7635}.Release|Any CPU.ActiveCfg = Release|Any CPU
		{978BF8A6-34EA-4BA9-84A0-FCACFB5D7635}.Release|Any CPU.Build.0 = Release|Any CPU
	EndGlobalSection
	GlobalSection(SolutionProperties) = preSolution
		HideSolutionNode = FALSE
	EndGlobalSection
	GlobalSection(ExtensibilityGlobals) = postSolution
		SolutionGuid = {C54B598E-C1E6-4C6B-B1C1-A93F093516FE}
	EndGlobalSection
EndGlobal
